Microsoft Visual Studio Solution File, Format Version 12.00
# Visual Studio Version 17
VisualStudioVersion = 17.5.2.0
MinimumVisualStudioVersion = 10.0.40219.1
Project("{FAE04EC0-301F-11D3-BF4B-00C04F79EFBC}") = "ZurlocloudRunningWebAPI", "ZurlocloudRunningWebAPI.csproj", "{F59B38F4-1126-1A7B-89DB-059D69FCF568}"
EndProject
Global
	GlobalSection(SolutionConfigurationPlatforms) = preSolution
		Debug|Any CPU = Debug|Any CPU
		Release|Any CPU = Release|Any CPU
	EndGlobalSection
	GlobalSection(ProjectConfigurationPlatforms) = postSolution
		{F59B38F4-1126-1A7B-89DB-059D69FCF568}.Debug|Any CPU.ActiveCfg = Debug|Any CPU
		{F59B38F4-1126-1A7B-89DB-059D69FCF568}.Debug|Any CPU.Build.0 = Debug|Any CPU
		{F59B38F4-1126-1A7B-89DB-059D69FCF568}.Release|Any CPU.ActiveCfg = Release|Any CPU
		{F59B38F4-1126-1A7B-89DB-059D69FCF568}.Release|Any CPU.Build.0 = Release|Any CPU
	EndGlobalSection
	GlobalSection(SolutionProperties) = preSolution
		HideSolutionNode = FALSE
	EndGlobalSection
	GlobalSection(ExtensibilityGlobals) = postSolution
		SolutionGuid = {1C838BA6-1901-4845-B124-05FAB152BF2B}
	EndGlobalSection
EndGlobal
